{
    "version": 3,
    "terraform_version": "0.11.5",
    "serial": 4,
    "lineage": "5b9d3f07-b851-009a-ea32-fc26d6894533",
    "modules": [
        {
            "path": [
                "root"
            ],
            "outputs": {},
            "resources": {
                "data.template_cloudinit_config.as_cloudinit_config": {
                    "type": "template_cloudinit_config",
                    "depends_on": [],
                    "primary": {
                        "id": "2404026465",
                        "attributes": {
                            "base64_encode": "true",
                            "gzip": "true",
                            "id": "2404026465",
                            "part.#": "1",
                            "part.0.content": "package_update: true\npackages:\n  - apache2\nruncmd:\n- sudo a2enmod ssl\n- sudo a2ensite default-ssl\n- sudo service apache2 restart\n- echo `hostname` | sudo tee /var/www/html/index.html",
                            "part.0.content_type": "text/cloud-config",
                            "part.0.filename": "",
                            "part.0.merge_type": "",
                            "rendered": "H4sIAAAAAAAA/2SQT0sDMRDF74H9DkPv02gvwooH//TgoQqigic7Tabd4GayJJP+AT+8VKksept58977wdwmURbF58PALcTaaxgoq41hz/4SVqmKp3y4mizuF/Obx5eHu+unt4k5bvjKuYQkLZxPzxrTGMSxqTG/3ZmkrDnjXFzyQTYtXKyCjgzfcOW9Wten6tElWYdNYxYh8j/MQO6DNvxeB096zOXKJ7G0BgCBBnIdz0yu4qJvDUKpPgHNWGLyUEo/lkpQBs9rqr3i6FY4b4PjUxtkLkpZDQK7LsGyS0WFIi/h8yegzGC3lO1ut7Odxt4G8byfHse/70FszFcAAAD//31cL/J9AQAA"
                        },
                        "meta": {},
                        "tainted": false
                    },
                    "deposed": [],
                    "provider": "provider.template"
                },
                "openstack_compute_keypair_v2.mykey": {
                    "type": "openstack_compute_keypair_v2",
                    "depends_on": [],
                    "primary": {
                        "id": "mykey",
                        "attributes": {
                            "fingerprint": "3c:ea:b8:7d:2b:37:49:35:2f:ac:92:f7:65:c4:86:3c",
                            "id": "mykey",
                            "name": "mykey",
                            "private_key": "",
                            "public_key": "ssh-rsa AAAAB3NzaC1yc2EAAAADAQABAAABAQCs0ATCbuNi3vQpqSDpDtNid72/377oQ1FjIWhZX2VgouYeDOTeVWNNaw8GlKu+OR40lfcyPuVd6CZVApU0w5z1+TbqbKyTgyL3Rdy74h5qzoyuskuaSGrR5bw57T2QevpofA4GTEcj+nNMFYZ5phUIPeOieJHFLUMGeFLg75EfxVOVZ9aqtyjiED2TLfrJY4P6nSjXQmkAyn+TNBPwArkzIbo9LUoO358K5UdubVP1JOqnpsNjYbQTTmr8u4Q0MsdKEPvadwj50aPm/4adhCjUc3rX810gvK4YdXcJ5G16Gmc0WAV+0PmLEFGyCXkh2Usrb+BRMebAw7cpeN1GMfrJ suresh@suresh-Latitude-6430U\n",
                            "region": "lab2"
                        },
                        "meta": {},
                        "tainted": false
                    },
                    "deposed": [],
                    "provider": "provider.openstack"
                },
                "openstack_networking_network_v2.net_admin": {
                    "type": "openstack_networking_network_v2",
                    "depends_on": [],
                    "primary": {
                        "id": "05a1e837-60d9-4f1b-8ef0-33c994950052",
                        "attributes": {
                            "admin_state_up": "true",
                            "availability_zone_hints.#": "0",
                            "id": "05a1e837-60d9-4f1b-8ef0-33c994950052",
                            "name": "net_admin",
                            "region": "lab2",
                            "shared": "false",
                            "tenant_id": "2e71b352db814e47b35062ce6f75ee5e"
                        },
                        "meta": {
                            "e2bfb730-ecaa-11e6-8f88-34363bc7c4c0": {
                                "create": 600000000000,
                                "delete": 600000000000
                            }
                        },
                        "tainted": false
                    },
                    "deposed": [],
                    "provider": "provider.openstack"
                },
                "openstack_networking_secgroup_rule_v2.mgmt_secgroup_rule2": {
                    "type": "openstack_networking_secgroup_rule_v2",
                    "depends_on": [
                        "openstack_networking_secgroup_v2.mgmt_secgroup"
                    ],
                    "primary": {
                        "id": "fd2686aa-b6d3-47aa-b8ac-60e6f5ecb74b",
                        "attributes": {
                            "description": "",
                            "direction": "ingress",
                            "ethertype": "IPv4",
                            "id": "fd2686aa-b6d3-47aa-b8ac-60e6f5ecb74b",
                            "port_range_max": "80",
                            "port_range_min": "80",
                            "protocol": "tcp",
                            "region": "lab2",
                            "remote_group_id": "",
                            "remote_ip_prefix": "0.0.0.0/0",
                            "security_group_id": "e9092ce6-3747-4f19-a23f-7585eaa5d663",
                            "tenant_id": "2e71b352db814e47b35062ce6f75ee5e"
                        },
                        "meta": {
                            "e2bfb730-ecaa-11e6-8f88-34363bc7c4c0": {
                                "delete": 600000000000
                            }
                        },
                        "tainted": false
                    },
                    "deposed": [],
                    "provider": "provider.openstack"
                },
                "openstack_networking_secgroup_v2.mgmt_secgroup": {
                    "type": "openstack_networking_secgroup_v2",
                    "depends_on": [],
                    "primary": {
                        "id": "e9092ce6-3747-4f19-a23f-7585eaa5d663",
                        "attributes": {
                            "description": "Allow ssh and HTTP Port",
                            "id": "e9092ce6-3747-4f19-a23f-7585eaa5d663",
                            "name": "mgmt_secgroup",
                            "region": "lab2",
                            "tenant_id": "2e71b352db814e47b35062ce6f75ee5e"
                        },
                        "meta": {
                            "e2bfb730-ecaa-11e6-8f88-34363bc7c4c0": {
                                "delete": 600000000000
                            }
                        },
                        "tainted": false
                    },
                    "deposed": [],
                    "provider": "provider.openstack"
                }
            },
            "depends_on": []
        }
    ]
}
